
Microsoft Visual Studio Solution File, Format Version 12.00
Project("{FAE04EC0-301F-11D3-BF4B-00C04F79EFBC}") = "Wishlist.Api", "Wishlist.Api\Wishlist.Api.csproj", "{E465A487-C1C6-403F-BEAA-7216C7B5E64A}"
EndProject
Global
	GlobalSection(SolutionConfigurationPlatforms) = preSolution
		Debug|Any CPU = Debug|Any CPU
		Release|Any CPU = Release|Any CPU
	EndGlobalSection
	GlobalSection(ProjectConfigurationPlatforms) = postSolution
		{E465A487-C1C6-403F-BEAA-7216C7B5E64A}.Debug|Any CPU.ActiveCfg = Debug|Any CPU
		{E465A487-C1C6-403F-BEAA-7216C7B5E64A}.Debug|Any CPU.Build.0 = Debug|Any CPU
		{E465A487-C1C6-403F-BEAA-7216C7B5E64A}.Release|Any CPU.ActiveCfg = Release|Any CPU
		{E465A487-C1C6-403F-BEAA-7216C7B5E64A}.Release|Any CPU.Build.0 = Release|Any CPU
	EndGlobalSection
EndGlobal
